
Microsoft Visual Studio Solution File, Format Version 12.00
# Visual Studio 14
VisualStudioVersion = 14.0.25420.1
MinimumVisualStudioVersion = 10.0.40219.1
Project("{FAE04EC0-301F-11D3-BF4B-00C04F79EFBC}") = "Brimstone", "Brimstone\Brimstone.csproj", "{2ACA22D8-ED17-4BB0-BD5B-E0A435D180B8}"
EndProject
Project("{2150E333-8FDC-42A3-9474-1A3956D46DE8}") = "Clients", "Clients", "{54428178-5816-4B2E-B62F-07D40D57758A}"
EndProject
Project("{FAE04EC0-301F-11D3-BF4B-00C04F79EFBC}") = "BrimstoneVisualizer", "BrimstoneVisualizer\BrimstoneVisualizer.csproj", "{328FFE6A-F79D-4D79-B6D0-7488D5665AC0}"
EndProject
Project("{FAE04EC0-301F-11D3-BF4B-00C04F79EFBC}") = "BrimstoneTests", "BrimstoneTests\BrimstoneTests.csproj", "{067456C0-086C-46A8-B37F-1405717B7BFC}"
EndProject
Project("{FAE04EC0-301F-11D3-BF4B-00C04F79EFBC}") = "BreadthFirstSearch", "BreadthFirstSearch\BreadthFirstSearch.csproj", "{0346012E-573F-440B-BDEA-6AD50DE9E3FF}"
EndProject
Project("{FAE04EC0-301F-11D3-BF4B-00C04F79EFBC}") = "DepthFirstSearch", "DepthFirstSearch\DepthFirstSearch.csproj", "{896E0B2F-E982-4484-8EF2-0A5FF6E41613}"
EndProject
Project("{FAE04EC0-301F-11D3-BF4B-00C04F79EFBC}") = "NaiveEquivalence", "NaiveEquivalence\NaiveEquivalence.csproj", "{B372392B-9FCA-4504-9AF0-92C31552E14C}"
EndProject
Project("{FAE04EC0-301F-11D3-BF4B-00C04F79EFBC}") = "Benchmarks", "Benchmarks\Benchmarks.csproj", "{C594CE4E-053C-4832-BCD9-1CE45CB735D9}"
EndProject
Global
	GlobalSection(SolutionConfigurationPlatforms) = preSolution
		Debug|Any CPU = Debug|Any CPU
		Release|Any CPU = Release|Any CPU
	EndGlobalSection
	GlobalSection(ProjectConfigurationPlatforms) = postSolution
		{2ACA22D8-ED17-4BB0-BD5B-E0A435D180B8}.Debug|Any CPU.ActiveCfg = Debug|Any CPU
		{2ACA22D8-ED17-4BB0-BD5B-E0A435D180B8}.Debug|Any CPU.Build.0 = Debug|Any CPU
		{2ACA22D8-ED17-4BB0-BD5B-E0A435D180B8}.Release|Any CPU.ActiveCfg = Release|Any CPU
		{2ACA22D8-ED17-4BB0-BD5B-E0A435D180B8}.Release|Any CPU.Build.0 = Release|Any CPU
		{328FFE6A-F79D-4D79-B6D0-7488D5665AC0}.Debug|Any CPU.ActiveCfg = Debug|Any CPU
		{328FFE6A-F79D-4D79-B6D0-7488D5665AC0}.Debug|Any CPU.Build.0 = Debug|Any CPU
		{328FFE6A-F79D-4D79-B6D0-7488D5665AC0}.Release|Any CPU.ActiveCfg = Release|Any CPU
		{328FFE6A-F79D-4D79-B6D0-7488D5665AC0}.Release|Any CPU.Build.0 = Release|Any CPU
		{067456C0-086C-46A8-B37F-1405717B7BFC}.Debug|Any CPU.ActiveCfg = Debug|Any CPU
		{067456C0-086C-46A8-B37F-1405717B7BFC}.Debug|Any CPU.Build.0 = Debug|Any CPU
		{067456C0-086C-46A8-B37F-1405717B7BFC}.Release|Any CPU.ActiveCfg = Release|Any CPU
		{067456C0-086C-46A8-B37F-1405717B7BFC}.Release|Any CPU.Build.0 = Release|Any CPU
		{0346012E-573F-440B-BDEA-6AD50DE9E3FF}.Debug|Any CPU.ActiveCfg = Debug|Any CPU
		{0346012E-573F-440B-BDEA-6AD50DE9E3FF}.Debug|Any CPU.Build.0 = Debug|Any CPU
		{0346012E-573F-440B-BDEA-6AD50DE9E3FF}.Release|Any CPU.ActiveCfg = Release|Any CPU
		{0346012E-573F-440B-BDEA-6AD50DE9E3FF}.Release|Any CPU.Build.0 = Release|Any CPU
		{896E0B2F-E982-4484-8EF2-0A5FF6E41613}.Debug|Any CPU.ActiveCfg = Debug|Any CPU
		{896E0B2F-E982-4484-8EF2-0A5FF6E41613}.Debug|Any CPU.Build.0 = Debug|Any CPU
		{896E0B2F-E982-4484-8EF2-0A5FF6E41613}.Release|Any CPU.ActiveCfg = Release|Any CPU
		{896E0B2F-E982-4484-8EF2-0A5FF6E41613}.Release|Any CPU.Build.0 = Release|Any CPU
		{B372392B-9FCA-4504-9AF0-92C31552E14C}.Debug|Any CPU.ActiveCfg = Debug|Any CPU
		{B372392B-9FCA-4504-9AF0-92C31552E14C}.Debug|Any CPU.Build.0 = Debug|Any CPU
		{B372392B-9FCA-4504-9AF0-92C31552E14C}.Release|Any CPU.ActiveCfg = Release|Any CPU
		{B372392B-9FCA-4504-9AF0-92C31552E14C}.Release|Any CPU.Build.0 = Release|Any CPU
		{C594CE4E-053C-4832-BCD9-1CE45CB735D9}.Debug|Any CPU.ActiveCfg = Debug|Any CPU
		{C594CE4E-053C-4832-BCD9-1CE45CB735D9}.Debug|Any CPU.Build.0 = Debug|Any CPU
		{C594CE4E-053C-4832-BCD9-1CE45CB735D9}.Release|Any CPU.ActiveCfg = Release|Any CPU
		{C594CE4E-053C-4832-BCD9-1CE45CB735D9}.Release|Any CPU.Build.0 = Release|Any CPU
	EndGlobalSection
	GlobalSection(SolutionProperties) = preSolution
		HideSolutionNode = FALSE
	EndGlobalSection
	GlobalSection(NestedProjects) = preSolution
		{328FFE6A-F79D-4D79-B6D0-7488D5665AC0} = {54428178-5816-4B2E-B62F-07D40D57758A}
		{0346012E-573F-440B-BDEA-6AD50DE9E3FF} = {54428178-5816-4B2E-B62F-07D40D57758A}
		{896E0B2F-E982-4484-8EF2-0A5FF6E41613} = {54428178-5816-4B2E-B62F-07D40D57758A}
		{B372392B-9FCA-4504-9AF0-92C31552E14C} = {54428178-5816-4B2E-B62F-07D40D57758A}
		{C594CE4E-053C-4832-BCD9-1CE45CB735D9} = {54428178-5816-4B2E-B62F-07D40D57758A}
	EndGlobalSection
EndGlobal
