
Microsoft Visual Studio Solution File, Format Version 12.00
# Visual Studio 14
VisualStudioVersion = 14.0.25420.1
MinimumVisualStudioVersion = 10.0.40219.1
Project("{FAE04EC0-301F-11D3-BF4B-00C04F79EFBC}") = "Brimstone", "Brimstone\Brimstone.csproj", "{2ACA22D8-ED17-4BB0-BD5B-E0A435D180B8}"
EndProject
Project("{2150E333-8FDC-42A3-9474-1A3956D46DE8}") = "Examples", "Examples", "{54428178-5816-4B2E-B62F-07D40D57758A}"
EndProject
Project("{FAE04EC0-301F-11D3-BF4B-00C04F79EFBC}") = "BrimstoneVisualizer", "BrimstoneVisualizer\BrimstoneVisualizer.csproj", "{328FFE6A-F79D-4D79-B6D0-7488D5665AC0}"
EndProject
Project("{FAE04EC0-301F-11D3-BF4B-00C04F79EFBC}") = "BrimstoneTests", "BrimstoneTests\BrimstoneTests.csproj", "{067456C0-086C-46A8-B37F-1405717B7BFC}"
EndProject
Project("{2150E333-8FDC-42A3-9474-1A3956D46DE8}") = "VisualizerScripts", "VisualizerScripts", "{07A49179-CD03-45F3-9D34-3A9C1E426590}"
EndProject
Project("{7CF6DF6D-3B04-46F8-A40B-537D21BCA0B4}") = "BrimstoneDocumentation", "BrimstoneDocumentation\BrimstoneDocumentation.shfbproj", "{EF5B311E-8E76-4E56-ADD8-C179AE94C0F8}"
	ProjectSection(ProjectDependencies) = postProject
		{2ACA22D8-ED17-4BB0-BD5B-E0A435D180B8} = {2ACA22D8-ED17-4BB0-BD5B-E0A435D180B8}
	EndProjectSection
EndProject
Project("{2150E333-8FDC-42A3-9474-1A3956D46DE8}") = "Base Items", "Base Items", "{AA25A167-294B-40DE-A65B-1B413A8E5FEC}"
	ProjectSection(SolutionItems) = preProject
		README.md = README.md
	EndProjectSection
EndProject
Project("{FAE04EC0-301F-11D3-BF4B-00C04F79EFBC}") = "BreadthFirstSearch", "Examples\BreadthFirstSearch\BreadthFirstSearch.csproj", "{0346012E-573F-440B-BDEA-6AD50DE9E3FF}"
EndProject
Project("{FAE04EC0-301F-11D3-BF4B-00C04F79EFBC}") = "DepthFirstSearch", "Examples\DepthFirstSearch\DepthFirstSearch.csproj", "{896E0B2F-E982-4484-8EF2-0A5FF6E41613}"
EndProject
Project("{FAE04EC0-301F-11D3-BF4B-00C04F79EFBC}") = "NaiveEquivalence", "Examples\NaiveEquivalence\NaiveEquivalence.csproj", "{B372392B-9FCA-4504-9AF0-92C31552E14C}"
EndProject
Project("{FAE04EC0-301F-11D3-BF4B-00C04F79EFBC}") = "VisualizerBasicGame", "Examples\VisualizerScripts\VisualizerBasicGame\VisualizerBasicGame.csproj", "{38762091-774B-4D85-ABAA-BFA8BEF2EC19}"
EndProject
Project("{FAE04EC0-301F-11D3-BF4B-00C04F79EFBC}") = "Deque", "submodules\Deque\src\Deque\Deque.csproj", "{709ADC4D-6A3A-4E91-B008-1CDC0B2DB060}"
EndProject
Project("{2150E333-8FDC-42A3-9474-1A3956D46DE8}") = "Dependencies", "Dependencies", "{3387413D-2669-4B77-A1CA-35578C9A099E}"
EndProject
Project("{FAE04EC0-301F-11D3-BF4B-00C04F79EFBC}") = "GameDemoEndTurn", "GameDemoEndTurn\GameDemoEndTurn.csproj", "{1FBCF875-F548-4591-B4F5-10B60E2E9685}"
EndProject
Global
	GlobalSection(SolutionConfigurationPlatforms) = preSolution
		Debug|Any CPU = Debug|Any CPU
		DebugMono|Any CPU = DebugMono|Any CPU
		Documentation|Any CPU = Documentation|Any CPU
		Release|Any CPU = Release|Any CPU
		ReleaseMono|Any CPU = ReleaseMono|Any CPU
	EndGlobalSection
	GlobalSection(ProjectConfigurationPlatforms) = postSolution
		{2ACA22D8-ED17-4BB0-BD5B-E0A435D180B8}.Debug|Any CPU.ActiveCfg = Debug|Any CPU
		{2ACA22D8-ED17-4BB0-BD5B-E0A435D180B8}.Debug|Any CPU.Build.0 = Debug|Any CPU
		{2ACA22D8-ED17-4BB0-BD5B-E0A435D180B8}.DebugMono|Any CPU.ActiveCfg = Debug|Any CPU
		{2ACA22D8-ED17-4BB0-BD5B-E0A435D180B8}.DebugMono|Any CPU.Build.0 = Debug|Any CPU
		{2ACA22D8-ED17-4BB0-BD5B-E0A435D180B8}.Documentation|Any CPU.ActiveCfg = Documentation|Any CPU
		{2ACA22D8-ED17-4BB0-BD5B-E0A435D180B8}.Documentation|Any CPU.Build.0 = Documentation|Any CPU
		{2ACA22D8-ED17-4BB0-BD5B-E0A435D180B8}.Release|Any CPU.ActiveCfg = Release|Any CPU
		{2ACA22D8-ED17-4BB0-BD5B-E0A435D180B8}.Release|Any CPU.Build.0 = Release|Any CPU
		{2ACA22D8-ED17-4BB0-BD5B-E0A435D180B8}.ReleaseMono|Any CPU.ActiveCfg = Release|Any CPU
		{2ACA22D8-ED17-4BB0-BD5B-E0A435D180B8}.ReleaseMono|Any CPU.Build.0 = Release|Any CPU
		{328FFE6A-F79D-4D79-B6D0-7488D5665AC0}.Debug|Any CPU.ActiveCfg = Debug|Any CPU
		{328FFE6A-F79D-4D79-B6D0-7488D5665AC0}.Debug|Any CPU.Build.0 = Debug|Any CPU
		{328FFE6A-F79D-4D79-B6D0-7488D5665AC0}.DebugMono|Any CPU.ActiveCfg = Debug|Any CPU
		{328FFE6A-F79D-4D79-B6D0-7488D5665AC0}.Documentation|Any CPU.ActiveCfg = Debug|Any CPU
		{328FFE6A-F79D-4D79-B6D0-7488D5665AC0}.Release|Any CPU.ActiveCfg = Release|Any CPU
		{328FFE6A-F79D-4D79-B6D0-7488D5665AC0}.Release|Any CPU.Build.0 = Release|Any CPU
		{328FFE6A-F79D-4D79-B6D0-7488D5665AC0}.ReleaseMono|Any CPU.ActiveCfg = Release|Any CPU
		{067456C0-086C-46A8-B37F-1405717B7BFC}.Debug|Any CPU.ActiveCfg = Debug|Any CPU
		{067456C0-086C-46A8-B37F-1405717B7BFC}.Debug|Any CPU.Build.0 = Debug|Any CPU
		{067456C0-086C-46A8-B37F-1405717B7BFC}.DebugMono|Any CPU.ActiveCfg = Debug|Any CPU
		{067456C0-086C-46A8-B37F-1405717B7BFC}.DebugMono|Any CPU.Build.0 = Debug|Any CPU
		{067456C0-086C-46A8-B37F-1405717B7BFC}.Documentation|Any CPU.ActiveCfg = Debug|Any CPU
		{067456C0-086C-46A8-B37F-1405717B7BFC}.Release|Any CPU.ActiveCfg = Release|Any CPU
		{067456C0-086C-46A8-B37F-1405717B7BFC}.Release|Any CPU.Build.0 = Release|Any CPU
		{067456C0-086C-46A8-B37F-1405717B7BFC}.ReleaseMono|Any CPU.ActiveCfg = Release|Any CPU
		{067456C0-086C-46A8-B37F-1405717B7BFC}.ReleaseMono|Any CPU.Build.0 = Release|Any CPU
		{EF5B311E-8E76-4E56-ADD8-C179AE94C0F8}.Debug|Any CPU.ActiveCfg = Debug|Any CPU
		{EF5B311E-8E76-4E56-ADD8-C179AE94C0F8}.DebugMono|Any CPU.ActiveCfg = Debug|Any CPU
		{EF5B311E-8E76-4E56-ADD8-C179AE94C0F8}.Documentation|Any CPU.ActiveCfg = Documentation|Any CPU
		{EF5B311E-8E76-4E56-ADD8-C179AE94C0F8}.Documentation|Any CPU.Build.0 = Documentation|Any CPU
		{EF5B311E-8E76-4E56-ADD8-C179AE94C0F8}.Release|Any CPU.ActiveCfg = Release|Any CPU
		{EF5B311E-8E76-4E56-ADD8-C179AE94C0F8}.ReleaseMono|Any CPU.ActiveCfg = Release|Any CPU
		{0346012E-573F-440B-BDEA-6AD50DE9E3FF}.Debug|Any CPU.ActiveCfg = Debug|Any CPU
		{0346012E-573F-440B-BDEA-6AD50DE9E3FF}.Debug|Any CPU.Build.0 = Debug|Any CPU
		{0346012E-573F-440B-BDEA-6AD50DE9E3FF}.DebugMono|Any CPU.ActiveCfg = Debug|Any CPU
		{0346012E-573F-440B-BDEA-6AD50DE9E3FF}.DebugMono|Any CPU.Build.0 = Debug|Any CPU
		{0346012E-573F-440B-BDEA-6AD50DE9E3FF}.Documentation|Any CPU.ActiveCfg = Documentation|Any CPU
		{0346012E-573F-440B-BDEA-6AD50DE9E3FF}.Documentation|Any CPU.Build.0 = Documentation|Any CPU
		{0346012E-573F-440B-BDEA-6AD50DE9E3FF}.Release|Any CPU.ActiveCfg = Release|Any CPU
		{0346012E-573F-440B-BDEA-6AD50DE9E3FF}.Release|Any CPU.Build.0 = Release|Any CPU
		{0346012E-573F-440B-BDEA-6AD50DE9E3FF}.ReleaseMono|Any CPU.ActiveCfg = Release|Any CPU
		{0346012E-573F-440B-BDEA-6AD50DE9E3FF}.ReleaseMono|Any CPU.Build.0 = Release|Any CPU
		{896E0B2F-E982-4484-8EF2-0A5FF6E41613}.Debug|Any CPU.ActiveCfg = Debug|Any CPU
		{896E0B2F-E982-4484-8EF2-0A5FF6E41613}.Debug|Any CPU.Build.0 = Debug|Any CPU
		{896E0B2F-E982-4484-8EF2-0A5FF6E41613}.DebugMono|Any CPU.ActiveCfg = Debug|Any CPU
		{896E0B2F-E982-4484-8EF2-0A5FF6E41613}.DebugMono|Any CPU.Build.0 = Debug|Any CPU
		{896E0B2F-E982-4484-8EF2-0A5FF6E41613}.Documentation|Any CPU.ActiveCfg = Documentation|Any CPU
		{896E0B2F-E982-4484-8EF2-0A5FF6E41613}.Documentation|Any CPU.Build.0 = Documentation|Any CPU
		{896E0B2F-E982-4484-8EF2-0A5FF6E41613}.Release|Any CPU.ActiveCfg = Release|Any CPU
		{896E0B2F-E982-4484-8EF2-0A5FF6E41613}.Release|Any CPU.Build.0 = Release|Any CPU
		{896E0B2F-E982-4484-8EF2-0A5FF6E41613}.ReleaseMono|Any CPU.ActiveCfg = Release|Any CPU
		{896E0B2F-E982-4484-8EF2-0A5FF6E41613}.ReleaseMono|Any CPU.Build.0 = Release|Any CPU
		{B372392B-9FCA-4504-9AF0-92C31552E14C}.Debug|Any CPU.ActiveCfg = Debug|Any CPU
		{B372392B-9FCA-4504-9AF0-92C31552E14C}.Debug|Any CPU.Build.0 = Debug|Any CPU
		{B372392B-9FCA-4504-9AF0-92C31552E14C}.DebugMono|Any CPU.ActiveCfg = Debug|Any CPU
		{B372392B-9FCA-4504-9AF0-92C31552E14C}.DebugMono|Any CPU.Build.0 = Debug|Any CPU
		{B372392B-9FCA-4504-9AF0-92C31552E14C}.Documentation|Any CPU.ActiveCfg = Documentation|Any CPU
		{B372392B-9FCA-4504-9AF0-92C31552E14C}.Documentation|Any CPU.Build.0 = Documentation|Any CPU
		{B372392B-9FCA-4504-9AF0-92C31552E14C}.Release|Any CPU.ActiveCfg = Release|Any CPU
		{B372392B-9FCA-4504-9AF0-92C31552E14C}.Release|Any CPU.Build.0 = Release|Any CPU
		{B372392B-9FCA-4504-9AF0-92C31552E14C}.ReleaseMono|Any CPU.ActiveCfg = Release|Any CPU
		{B372392B-9FCA-4504-9AF0-92C31552E14C}.ReleaseMono|Any CPU.Build.0 = Release|Any CPU
		{38762091-774B-4D85-ABAA-BFA8BEF2EC19}.Debug|Any CPU.ActiveCfg = Debug|Any CPU
		{38762091-774B-4D85-ABAA-BFA8BEF2EC19}.Debug|Any CPU.Build.0 = Debug|Any CPU
		{38762091-774B-4D85-ABAA-BFA8BEF2EC19}.DebugMono|Any CPU.ActiveCfg = Debug|Any CPU
		{38762091-774B-4D85-ABAA-BFA8BEF2EC19}.Documentation|Any CPU.ActiveCfg = Documentation|Any CPU
		{38762091-774B-4D85-ABAA-BFA8BEF2EC19}.Documentation|Any CPU.Build.0 = Documentation|Any CPU
		{38762091-774B-4D85-ABAA-BFA8BEF2EC19}.Release|Any CPU.ActiveCfg = Release|Any CPU
		{38762091-774B-4D85-ABAA-BFA8BEF2EC19}.Release|Any CPU.Build.0 = Release|Any CPU
		{38762091-774B-4D85-ABAA-BFA8BEF2EC19}.ReleaseMono|Any CPU.ActiveCfg = Release|Any CPU
		{709ADC4D-6A3A-4E91-B008-1CDC0B2DB060}.Debug|Any CPU.ActiveCfg = Debug|Any CPU
		{709ADC4D-6A3A-4E91-B008-1CDC0B2DB060}.Debug|Any CPU.Build.0 = Debug|Any CPU
		{709ADC4D-6A3A-4E91-B008-1CDC0B2DB060}.DebugMono|Any CPU.ActiveCfg = Debug|Any CPU
		{709ADC4D-6A3A-4E91-B008-1CDC0B2DB060}.DebugMono|Any CPU.Build.0 = Debug|Any CPU
		{709ADC4D-6A3A-4E91-B008-1CDC0B2DB060}.Documentation|Any CPU.ActiveCfg = Debug|Any CPU
		{709ADC4D-6A3A-4E91-B008-1CDC0B2DB060}.Documentation|Any CPU.Build.0 = Debug|Any CPU
		{709ADC4D-6A3A-4E91-B008-1CDC0B2DB060}.Release|Any CPU.ActiveCfg = Release|Any CPU
		{709ADC4D-6A3A-4E91-B008-1CDC0B2DB060}.Release|Any CPU.Build.0 = Release|Any CPU
		{709ADC4D-6A3A-4E91-B008-1CDC0B2DB060}.ReleaseMono|Any CPU.ActiveCfg = Release|Any CPU
		{709ADC4D-6A3A-4E91-B008-1CDC0B2DB060}.ReleaseMono|Any CPU.Build.0 = Release|Any CPU
		{1FBCF875-F548-4591-B4F5-10B60E2E9685}.Debug|Any CPU.ActiveCfg = Debug|Any CPU
		{1FBCF875-F548-4591-B4F5-10B60E2E9685}.Debug|Any CPU.Build.0 = Debug|Any CPU
		{1FBCF875-F548-4591-B4F5-10B60E2E9685}.DebugMono|Any CPU.ActiveCfg = Debug|Any CPU
		{1FBCF875-F548-4591-B4F5-10B60E2E9685}.DebugMono|Any CPU.Build.0 = Debug|Any CPU
		{1FBCF875-F548-4591-B4F5-10B60E2E9685}.Documentation|Any CPU.ActiveCfg = Debug|Any CPU
		{1FBCF875-F548-4591-B4F5-10B60E2E9685}.Documentation|Any CPU.Build.0 = Debug|Any CPU
		{1FBCF875-F548-4591-B4F5-10B60E2E9685}.Release|Any CPU.ActiveCfg = Release|Any CPU
		{1FBCF875-F548-4591-B4F5-10B60E2E9685}.Release|Any CPU.Build.0 = Release|Any CPU
		{1FBCF875-F548-4591-B4F5-10B60E2E9685}.ReleaseMono|Any CPU.ActiveCfg = Release|Any CPU
		{1FBCF875-F548-4591-B4F5-10B60E2E9685}.ReleaseMono|Any CPU.Build.0 = Release|Any CPU
	EndGlobalSection
	GlobalSection(SolutionProperties) = preSolution
		HideSolutionNode = FALSE
	EndGlobalSection
	GlobalSection(NestedProjects) = preSolution
		{07A49179-CD03-45F3-9D34-3A9C1E426590} = {54428178-5816-4B2E-B62F-07D40D57758A}
		{0346012E-573F-440B-BDEA-6AD50DE9E3FF} = {54428178-5816-4B2E-B62F-07D40D57758A}
		{896E0B2F-E982-4484-8EF2-0A5FF6E41613} = {54428178-5816-4B2E-B62F-07D40D57758A}
		{B372392B-9FCA-4504-9AF0-92C31552E14C} = {54428178-5816-4B2E-B62F-07D40D57758A}
		{38762091-774B-4D85-ABAA-BFA8BEF2EC19} = {07A49179-CD03-45F3-9D34-3A9C1E426590}
		{709ADC4D-6A3A-4E91-B008-1CDC0B2DB060} = {3387413D-2669-4B77-A1CA-35578C9A099E}
		{1FBCF875-F548-4591-B4F5-10B60E2E9685} = {54428178-5816-4B2E-B62F-07D40D57758A}
	EndGlobalSection
EndGlobal
